
Microsoft Visual Studio Solution File, Format Version 12.00
# Visual Studio Version 16
VisualStudioVersion = 16.0.29215.179
MinimumVisualStudioVersion = 10.0.40219.1
Project("{FAE04EC0-301F-11D3-BF4B-00C04F79EFBC}") = "EpicorToYooz", "EpicorToYooz\EpicorToYooz.csproj", "{946E9226-CAEC-4458-BC7F-3467F7D03CD1}"
EndProject
Project("{FAE04EC0-301F-11D3-BF4B-00C04F79EFBC}") = "YoozToEpicor", "YoozToEpicor\YoozToEpicor.csproj", "{1D7A4C4E-BEAC-4232-9CE8-31E867E79B95}"
EndProject
Global
	GlobalSection(SolutionConfigurationPlatforms) = preSolution
		Debug|Any CPU = Debug|Any CPU
		Release|Any CPU = Release|Any CPU
	EndGlobalSection
	GlobalSection(ProjectConfigurationPlatforms) = postSolution
		{946E9226-CAEC-4458-BC7F-3467F7D03CD1}.Debug|Any CPU.ActiveCfg = Debug|Any CPU
		{946E9226-CAEC-4458-BC7F-3467F7D03CD1}.Debug|Any CPU.Build.0 = Debug|Any CPU
		{946E9226-CAEC-4458-BC7F-3467F7D03CD1}.Release|Any CPU.ActiveCfg = Release|Any CPU
		{946E9226-CAEC-4458-BC7F-3467F7D03CD1}.Release|Any CPU.Build.0 = Release|Any CPU
		{1D7A4C4E-BEAC-4232-9CE8-31E867E79B95}.Debug|Any CPU.ActiveCfg = Debug|Any CPU
		{1D7A4C4E-BEAC-4232-9CE8-31E867E79B95}.Debug|Any CPU.Build.0 = Debug|Any CPU
		{1D7A4C4E-BEAC-4232-9CE8-31E867E79B95}.Release|Any CPU.ActiveCfg = Release|Any CPU
		{1D7A4C4E-BEAC-4232-9CE8-31E867E79B95}.Release|Any CPU.Build.0 = Release|Any CPU
	EndGlobalSection
	GlobalSection(SolutionProperties) = preSolution
		HideSolutionNode = FALSE
	EndGlobalSection
	GlobalSection(ExtensibilityGlobals) = postSolution
		SolutionGuid = {BCEE3A9D-B554-42E8-B745-8DAE82554ED2}
	EndGlobalSection
EndGlobal
